
Microsoft Visual Studio Solution File, Format Version 12.00
# Visual Studio Version 16
VisualStudioVersion = 16.0.31911.196
MinimumVisualStudioVersion = 10.0.40219.1
Project("{8BC9CEB8-8B4A-11D0-8D11-00A0C91BC942}") = "Week_13-14_Zadanie-2", "Week_13-14_Zadanie-2.vcxproj", "{0126F35F-D16E-451C-8BED-D8176C90BDF8}"
EndProject
Global
	GlobalSection(SolutionConfigurationPlatforms) = preSolution
		Debug|x64 = Debug|x64
		Debug|x86 = Debug|x86
		Release|x64 = Release|x64
		Release|x86 = Release|x86
	EndGlobalSection
	GlobalSection(ProjectConfigurationPlatforms) = postSolution
		{0126F35F-D16E-451C-8BED-D8176C90BDF8}.Debug|x64.ActiveCfg = Debug|x64
		{0126F35F-D16E-451C-8BED-D8176C90BDF8}.Debug|x64.Build.0 = Debug|x64
		{0126F35F-D16E-451C-8BED-D8176C90BDF8}.Debug|x86.ActiveCfg = Debug|Win32
		{0126F35F-D16E-451C-8BED-D8176C90BDF8}.Debug|x86.Build.0 = Debug|Win32
		{0126F35F-D16E-451C-8BED-D8176C90BDF8}.Release|x64.ActiveCfg = Release|x64
		{0126F35F-D16E-451C-8BED-D8176C90BDF8}.Release|x64.Build.0 = Release|x64
		{0126F35F-D16E-451C-8BED-D8176C90BDF8}.Release|x86.ActiveCfg = Release|Win32
		{0126F35F-D16E-451C-8BED-D8176C90BDF8}.Release|x86.Build.0 = Release|Win32
	EndGlobalSection
	GlobalSection(SolutionProperties) = preSolution
		HideSolutionNode = FALSE
	EndGlobalSection
	GlobalSection(ExtensibilityGlobals) = postSolution
		SolutionGuid = {0D7DDA99-3533-4185-801A-5008DEB0D26E}
	EndGlobalSection
EndGlobal
